// !$*UTF8*$!
{
	archiveVersion = 1;
	classes = {
	};
	objectVersion = 56;
	objects = {

/* Begin PBXBuildFile section */
		6446E8852B2CC52700A72945 /* MisMangasApp.swift in Sources */ = {isa = PBXBuildFile; fileRef = 6446E8842B2CC52700A72945 /* MisMangasApp.swift */; };
		6446E8892B2CC52800A72945 /* Assets.xcassets in Resources */ = {isa = PBXBuildFile; fileRef = 6446E8882B2CC52800A72945 /* Assets.xcassets */; };
		6446E88C2B2CC52800A72945 /* Preview Assets.xcassets in Resources */ = {isa = PBXBuildFile; fileRef = 6446E88B2B2CC52800A72945 /* Preview Assets.xcassets */; };
		6446E89A2B2CC5E400A72945 /* MangasDTO.swift in Sources */ = {isa = PBXBuildFile; fileRef = 6446E8992B2CC5E400A72945 /* MangasDTO.swift */; };
		6446E89C2B2CCA7B00A72945 /* Manga.swift in Sources */ = {isa = PBXBuildFile; fileRef = 6446E89B2B2CCA7B00A72945 /* Manga.swift */; };
		6446E89E2B2CCF6200A72945 /* URL.swift in Sources */ = {isa = PBXBuildFile; fileRef = 6446E89D2B2CCF6200A72945 /* URL.swift */; };
		6446E8A02B2CD52100A72945 /* URLRequest.swift in Sources */ = {isa = PBXBuildFile; fileRef = 6446E89F2B2CD52100A72945 /* URLRequest.swift */; };
		6446E8A22B2CD70A00A72945 /* URLSession.swift in Sources */ = {isa = PBXBuildFile; fileRef = 6446E8A12B2CD70A00A72945 /* URLSession.swift */; };
		6446E8A42B2CD93100A72945 /* NetworkErrors.swift in Sources */ = {isa = PBXBuildFile; fileRef = 6446E8A32B2CD93100A72945 /* NetworkErrors.swift */; };
		647BEBAD2B2CF00D0015D22F /* JsonDecoder.swift in Sources */ = {isa = PBXBuildFile; fileRef = 647BEBAC2B2CF00D0015D22F /* JsonDecoder.swift */; };
		64B29F6C2B2E453300AC7C42 /* ListMangaInteractor.swift in Sources */ = {isa = PBXBuildFile; fileRef = 64B29F6B2B2E453300AC7C42 /* ListMangaInteractor.swift */; };
		64B29F6E2B2E46C300AC7C42 /* MangasViewModel.swift in Sources */ = {isa = PBXBuildFile; fileRef = 64B29F6D2B2E46C300AC7C42 /* MangasViewModel.swift */; };
		64B29F702B2E48F400AC7C42 /* TestData.swift in Sources */ = {isa = PBXBuildFile; fileRef = 64B29F6F2B2E48F400AC7C42 /* TestData.swift */; };
		64B29F742B2F66E900AC7C42 /* Extension.swift in Sources */ = {isa = PBXBuildFile; fileRef = 64B29F732B2F66E900AC7C42 /* Extension.swift */; };
		64B29F782B2FA64E00AC7C42 /* MangaGridCellView.swift in Sources */ = {isa = PBXBuildFile; fileRef = 64B29F772B2FA64E00AC7C42 /* MangaGridCellView.swift */; };
		64B29F7C2B2FB16E00AC7C42 /* TestJsonMangas.json in Resources */ = {isa = PBXBuildFile; fileRef = 64B29F7B2B2FB16E00AC7C42 /* TestJsonMangas.json */; };
		64B29F7E2B30685A00AC7C42 /* MisMangasGridView.swift in Sources */ = {isa = PBXBuildFile; fileRef = 64B29F7D2B30685A00AC7C42 /* MisMangasGridView.swift */; };
		64B29F802B3068E500AC7C42 /* MangasTabView.swift in Sources */ = {isa = PBXBuildFile; fileRef = 64B29F7F2B3068E500AC7C42 /* MangasTabView.swift */; };
		64B29F822B30703000AC7C42 /* MangasBDListView.swift in Sources */ = {isa = PBXBuildFile; fileRef = 64B29F812B30703000AC7C42 /* MangasBDListView.swift */; };
		64B29F842B30716500AC7C42 /* MangaListCellView.swift in Sources */ = {isa = PBXBuildFile; fileRef = 64B29F832B30716500AC7C42 /* MangaListCellView.swift */; };
		64F08B542B30F3230001B287 /* ScoreCircleView.swift in Sources */ = {isa = PBXBuildFile; fileRef = 64F08B532B30F3230001B287 /* ScoreCircleView.swift */; };
		64F08B562B3241140001B287 /* MangasDetailView.swift in Sources */ = {isa = PBXBuildFile; fileRef = 64F08B552B3241140001B287 /* MangasDetailView.swift */; };
/* End PBXBuildFile section */

/* Begin PBXFileReference section */
		6446E8812B2CC52700A72945 /* MisMangas.app */ = {isa = PBXFileReference; explicitFileType = wrapper.application; includeInIndex = 0; path = MisMangas.app; sourceTree = BUILT_PRODUCTS_DIR; };
		6446E8842B2CC52700A72945 /* MisMangasApp.swift */ = {isa = PBXFileReference; lastKnownFileType = sourcecode.swift; path = MisMangasApp.swift; sourceTree = "<group>"; };
		6446E8882B2CC52800A72945 /* Assets.xcassets */ = {isa = PBXFileReference; lastKnownFileType = folder.assetcatalog; path = Assets.xcassets; sourceTree = "<group>"; };
		6446E88B2B2CC52800A72945 /* Preview Assets.xcassets */ = {isa = PBXFileReference; lastKnownFileType = folder.assetcatalog; path = "Preview Assets.xcassets"; sourceTree = "<group>"; };
		6446E8992B2CC5E400A72945 /* MangasDTO.swift */ = {isa = PBXFileReference; lastKnownFileType = sourcecode.swift; path = MangasDTO.swift; sourceTree = "<group>"; };
		6446E89B2B2CCA7B00A72945 /* Manga.swift */ = {isa = PBXFileReference; lastKnownFileType = sourcecode.swift; path = Manga.swift; sourceTree = "<group>"; };
		6446E89D2B2CCF6200A72945 /* URL.swift */ = {isa = PBXFileReference; lastKnownFileType = sourcecode.swift; path = URL.swift; sourceTree = "<group>"; };
		6446E89F2B2CD52100A72945 /* URLRequest.swift */ = {isa = PBXFileReference; lastKnownFileType = sourcecode.swift; path = URLRequest.swift; sourceTree = "<group>"; };
		6446E8A12B2CD70A00A72945 /* URLSession.swift */ = {isa = PBXFileReference; lastKnownFileType = sourcecode.swift; path = URLSession.swift; sourceTree = "<group>"; };
		6446E8A32B2CD93100A72945 /* NetworkErrors.swift */ = {isa = PBXFileReference; lastKnownFileType = sourcecode.swift; path = NetworkErrors.swift; sourceTree = "<group>"; };
		647BEBAC2B2CF00D0015D22F /* JsonDecoder.swift */ = {isa = PBXFileReference; lastKnownFileType = sourcecode.swift; path = JsonDecoder.swift; sourceTree = "<group>"; };
		64B29F6B2B2E453300AC7C42 /* ListMangaInteractor.swift */ = {isa = PBXFileReference; lastKnownFileType = sourcecode.swift; path = ListMangaInteractor.swift; sourceTree = "<group>"; };
		64B29F6D2B2E46C300AC7C42 /* MangasViewModel.swift */ = {isa = PBXFileReference; lastKnownFileType = sourcecode.swift; path = MangasViewModel.swift; sourceTree = "<group>"; };
		64B29F6F2B2E48F400AC7C42 /* TestData.swift */ = {isa = PBXFileReference; lastKnownFileType = sourcecode.swift; path = TestData.swift; sourceTree = "<group>"; };
		64B29F732B2F66E900AC7C42 /* Extension.swift */ = {isa = PBXFileReference; lastKnownFileType = sourcecode.swift; path = Extension.swift; sourceTree = "<group>"; };
		64B29F772B2FA64E00AC7C42 /* MangaGridCellView.swift */ = {isa = PBXFileReference; lastKnownFileType = sourcecode.swift; path = MangaGridCellView.swift; sourceTree = "<group>"; };
		64B29F7B2B2FB16E00AC7C42 /* TestJsonMangas.json */ = {isa = PBXFileReference; fileEncoding = 4; lastKnownFileType = text.json; path = TestJsonMangas.json; sourceTree = "<group>"; };
		64B29F7D2B30685A00AC7C42 /* MisMangasGridView.swift */ = {isa = PBXFileReference; lastKnownFileType = sourcecode.swift; path = MisMangasGridView.swift; sourceTree = "<group>"; };
		64B29F7F2B3068E500AC7C42 /* MangasTabView.swift */ = {isa = PBXFileReference; lastKnownFileType = sourcecode.swift; path = MangasTabView.swift; sourceTree = "<group>"; };
		64B29F812B30703000AC7C42 /* MangasBDListView.swift */ = {isa = PBXFileReference; lastKnownFileType = sourcecode.swift; path = MangasBDListView.swift; sourceTree = "<group>"; };
		64B29F832B30716500AC7C42 /* MangaListCellView.swift */ = {isa = PBXFileReference; lastKnownFileType = sourcecode.swift; path = MangaListCellView.swift; sourceTree = "<group>"; };
		64F08B532B30F3230001B287 /* ScoreCircleView.swift */ = {isa = PBXFileReference; lastKnownFileType = sourcecode.swift; path = ScoreCircleView.swift; sourceTree = "<group>"; };
		64F08B552B3241140001B287 /* MangasDetailView.swift */ = {isa = PBXFileReference; lastKnownFileType = sourcecode.swift; path = MangasDetailView.swift; sourceTree = "<group>"; };
/* End PBXFileReference section */

/* Begin PBXFrameworksBuildPhase section */
		6446E87E2B2CC52700A72945 /* Frameworks */ = {
			isa = PBXFrameworksBuildPhase;
			buildActionMask = 2147483647;
			files = (
			);
			runOnlyForDeploymentPostprocessing = 0;
		};
/* End PBXFrameworksBuildPhase section */

/* Begin PBXGroup section */
		6446E8782B2CC52700A72945 = {
			isa = PBXGroup;
			children = (
				6446E8832B2CC52700A72945 /* MisMangas */,
				6446E8822B2CC52700A72945 /* Products */,
			);
			sourceTree = "<group>";
		};
		6446E8822B2CC52700A72945 /* Products */ = {
			isa = PBXGroup;
			children = (
				6446E8812B2CC52700A72945 /* MisMangas.app */,
			);
			name = Products;
			sourceTree = "<group>";
		};
		6446E8832B2CC52700A72945 /* MisMangas */ = {
			isa = PBXGroup;
			children = (
				6446E8972B2CC5AA00A72945 /* System */,
				64F08B572B3247FB0001B287 /* Helpers */,
				64F08B522B30F2F20001B287 /* ViewComponents */,
				6446E8982B2CC5BD00A72945 /* View */,
				6446E8962B2CC56B00A72945 /* ViewModel */,
				6446E8952B2CC56500A72945 /* Interactor */,
				6446E8942B2CC55F00A72945 /* Interface */,
				6446E8932B2CC55700A72945 /* Model */,
				6446E8922B2CC54500A72945 /* Resources */,
				6446E88A2B2CC52800A72945 /* Preview Content */,
			);
			path = MisMangas;
			sourceTree = "<group>";
		};
		6446E88A2B2CC52800A72945 /* Preview Content */ = {
			isa = PBXGroup;
			children = (
				6446E88B2B2CC52800A72945 /* Preview Assets.xcassets */,
				64B29F7B2B2FB16E00AC7C42 /* TestJsonMangas.json */,
				64B29F6F2B2E48F400AC7C42 /* TestData.swift */,
			);
			path = "Preview Content";
			sourceTree = "<group>";
		};
		6446E8922B2CC54500A72945 /* Resources */ = {
			isa = PBXGroup;
			children = (
				6446E8882B2CC52800A72945 /* Assets.xcassets */,
				64B29F732B2F66E900AC7C42 /* Extension.swift */,
			);
			name = Resources;
			sourceTree = "<group>";
		};
		6446E8932B2CC55700A72945 /* Model */ = {
			isa = PBXGroup;
			children = (
				6446E8992B2CC5E400A72945 /* MangasDTO.swift */,
				6446E89B2B2CCA7B00A72945 /* Manga.swift */,
			);
			name = Model;
			sourceTree = "<group>";
		};
		6446E8942B2CC55F00A72945 /* Interface */ = {
			isa = PBXGroup;
			children = (
				6446E89D2B2CCF6200A72945 /* URL.swift */,
				6446E89F2B2CD52100A72945 /* URLRequest.swift */,
				6446E8A12B2CD70A00A72945 /* URLSession.swift */,
				647BEBAC2B2CF00D0015D22F /* JsonDecoder.swift */,
				6446E8A32B2CD93100A72945 /* NetworkErrors.swift */,
			);
			name = Interface;
			sourceTree = "<group>";
		};
		6446E8952B2CC56500A72945 /* Interactor */ = {
			isa = PBXGroup;
			children = (
				64B29F6B2B2E453300AC7C42 /* ListMangaInteractor.swift */,
			);
			name = Interactor;
			sourceTree = "<group>";
		};
		6446E8962B2CC56B00A72945 /* ViewModel */ = {
			isa = PBXGroup;
			children = (
				64B29F6D2B2E46C300AC7C42 /* MangasViewModel.swift */,
			);
			name = ViewModel;
			sourceTree = "<group>";
		};
		6446E8972B2CC5AA00A72945 /* System */ = {
			isa = PBXGroup;
			children = (
				6446E8842B2CC52700A72945 /* MisMangasApp.swift */,
			);
			name = System;
			sourceTree = "<group>";
		};
		6446E8982B2CC5BD00A72945 /* View */ = {
			isa = PBXGroup;
			children = (
				64B29F7F2B3068E500AC7C42 /* MangasTabView.swift */,
				64B29F812B30703000AC7C42 /* MangasBDListView.swift */,
				64B29F7D2B30685A00AC7C42 /* MisMangasGridView.swift */,
				64F08B552B3241140001B287 /* MangasDetailView.swift */,
				64B29F772B2FA64E00AC7C42 /* MangaGridCellView.swift */,
				64B29F832B30716500AC7C42 /* MangaListCellView.swift */,
			);
			name = View;
			sourceTree = "<group>";
		};
		64F08B522B30F2F20001B287 /* ViewComponents */ = {
			isa = PBXGroup;
			children = (
				64F08B532B30F3230001B287 /* ScoreCircleView.swift */,
			);
			name = ViewComponents;
			sourceTree = "<group>";
		};
		64F08B572B3247FB0001B287 /* Helpers */ = {
			isa = PBXGroup;
			children = (
			);
			name = Helpers;
			sourceTree = "<group>";
		};
/* End PBXGroup section */

/* Begin PBXNativeTarget section */
		6446E8802B2CC52700A72945 /* MisMangas */ = {
			isa = PBXNativeTarget;
			buildConfigurationList = 6446E88F2B2CC52800A72945 /* Build configuration list for PBXNativeTarget "MisMangas" */;
			buildPhases = (
				6446E87D2B2CC52700A72945 /* Sources */,
				6446E87E2B2CC52700A72945 /* Frameworks */,
				6446E87F2B2CC52700A72945 /* Resources */,
			);
			buildRules = (
			);
			dependencies = (
			);
			name = MisMangas;
			productName = MisMangas;
			productReference = 6446E8812B2CC52700A72945 /* MisMangas.app */;
			productType = "com.apple.product-type.application";
		};
/* End PBXNativeTarget section */

/* Begin PBXProject section */
		6446E8792B2CC52700A72945 /* Project object */ = {
			isa = PBXProject;
			attributes = {
				BuildIndependentTargetsInParallel = 1;
				LastSwiftUpdateCheck = 1510;
				LastUpgradeCheck = 1510;
				TargetAttributes = {
					6446E8802B2CC52700A72945 = {
						CreatedOnToolsVersion = 15.1;
					};
				};
			};
			buildConfigurationList = 6446E87C2B2CC52700A72945 /* Build configuration list for PBXProject "MisMangas" */;
			compatibilityVersion = "Xcode 14.0";
			developmentRegion = en;
			hasScannedForEncodings = 0;
			knownRegions = (
				en,
				Base,
			);
			mainGroup = 6446E8782B2CC52700A72945;
			productRefGroup = 6446E8822B2CC52700A72945 /* Products */;
			projectDirPath = "";
			projectRoot = "";
			targets = (
				6446E8802B2CC52700A72945 /* MisMangas */,
			);
		};
/* End PBXProject section */

/* Begin PBXResourcesBuildPhase section */
		6446E87F2B2CC52700A72945 /* Resources */ = {
			isa = PBXResourcesBuildPhase;
			buildActionMask = 2147483647;
			files = (
				64B29F7C2B2FB16E00AC7C42 /* TestJsonMangas.json in Resources */,
				6446E88C2B2CC52800A72945 /* Preview Assets.xcassets in Resources */,
				6446E8892B2CC52800A72945 /* Assets.xcassets in Resources */,
			);
			runOnlyForDeploymentPostprocessing = 0;
		};
/* End PBXResourcesBuildPhase section */

/* Begin PBXSourcesBuildPhase section */
		6446E87D2B2CC52700A72945 /* Sources */ = {
			isa = PBXSourcesBuildPhase;
			buildActionMask = 2147483647;
			files = (
				64F08B542B30F3230001B287 /* ScoreCircleView.swift in Sources */,
				6446E8A22B2CD70A00A72945 /* URLSession.swift in Sources */,
				64B29F802B3068E500AC7C42 /* MangasTabView.swift in Sources */,
				64B29F822B30703000AC7C42 /* MangasBDListView.swift in Sources */,
				647BEBAD2B2CF00D0015D22F /* JsonDecoder.swift in Sources */,
				64B29F7E2B30685A00AC7C42 /* MisMangasGridView.swift in Sources */,
				64F08B562B3241140001B287 /* MangasDetailView.swift in Sources */,
				64B29F6E2B2E46C300AC7C42 /* MangasViewModel.swift in Sources */,
				64B29F702B2E48F400AC7C42 /* TestData.swift in Sources */,
				6446E89E2B2CCF6200A72945 /* URL.swift in Sources */,
				64B29F6C2B2E453300AC7C42 /* ListMangaInteractor.swift in Sources */,
				6446E89A2B2CC5E400A72945 /* MangasDTO.swift in Sources */,
				6446E8A02B2CD52100A72945 /* URLRequest.swift in Sources */,
				64B29F842B30716500AC7C42 /* MangaListCellView.swift in Sources */,
				64B29F782B2FA64E00AC7C42 /* MangaGridCellView.swift in Sources */,
				64B29F742B2F66E900AC7C42 /* Extension.swift in Sources */,
				6446E8A42B2CD93100A72945 /* NetworkErrors.swift in Sources */,
				6446E89C2B2CCA7B00A72945 /* Manga.swift in Sources */,
				6446E8852B2CC52700A72945 /* MisMangasApp.swift in Sources */,
			);
			runOnlyForDeploymentPostprocessing = 0;
		};
/* End PBXSourcesBuildPhase section */

/* Begin XCBuildConfiguration section */
		6446E88D2B2CC52800A72945 /* Debug */ = {
			isa = XCBuildConfiguration;
			buildSettings = {
				ALWAYS_SEARCH_USER_PATHS = NO;
				ASSETCATALOG_COMPILER_GENERATE_SWIFT_ASSET_SYMBOL_EXTENSIONS = YES;
				CLANG_ANALYZER_NONNULL = YES;
				CLANG_ANALYZER_NUMBER_OBJECT_CONVERSION = YES_AGGRESSIVE;
				CLANG_CXX_LANGUAGE_STANDARD = "gnu++20";
				CLANG_ENABLE_MODULES = YES;
				CLANG_ENABLE_OBJC_ARC = YES;
				CLANG_ENABLE_OBJC_WEAK = YES;
				CLANG_WARN_BLOCK_CAPTURE_AUTORELEASING = YES;
				CLANG_WARN_BOOL_CONVERSION = YES;
				CLANG_WARN_COMMA = YES;
				CLANG_WARN_CONSTANT_CONVERSION = YES;
				CLANG_WARN_DEPRECATED_OBJC_IMPLEMENTATIONS = YES;
				CLANG_WARN_DIRECT_OBJC_ISA_USAGE = YES_ERROR;
				CLANG_WARN_DOCUMENTATION_COMMENTS = YES;
				CLANG_WARN_EMPTY_BODY = YES;
				CLANG_WARN_ENUM_CONVERSION = YES;
				CLANG_WARN_INFINITE_RECURSION = YES;
				CLANG_WARN_INT_CONVERSION = YES;
				CLANG_WARN_NON_LITERAL_NULL_CONVERSION = YES;
				CLANG_WARN_OBJC_IMPLICIT_RETAIN_SELF = YES;
				CLANG_WARN_OBJC_LITERAL_CONVERSION = YES;
				CLANG_WARN_OBJC_ROOT_CLASS = YES_ERROR;
				CLANG_WARN_QUOTED_INCLUDE_IN_FRAMEWORK_HEADER = YES;
				CLANG_WARN_RANGE_LOOP_ANALYSIS = YES;
				CLANG_WARN_STRICT_PROTOTYPES = YES;
				CLANG_WARN_SUSPICIOUS_MOVE = YES;
				CLANG_WARN_UNGUARDED_AVAILABILITY = YES_AGGRESSIVE;
				CLANG_WARN_UNREACHABLE_CODE = YES;
				CLANG_WARN__DUPLICATE_METHOD_MATCH = YES;
				COPY_PHASE_STRIP = NO;
				DEBUG_INFORMATION_FORMAT = dwarf;
				ENABLE_STRICT_OBJC_MSGSEND = YES;
				ENABLE_TESTABILITY = YES;
				ENABLE_USER_SCRIPT_SANDBOXING = YES;
				GCC_C_LANGUAGE_STANDARD = gnu17;
				GCC_DYNAMIC_NO_PIC = NO;
				GCC_NO_COMMON_BLOCKS = YES;
				GCC_OPTIMIZATION_LEVEL = 0;
				GCC_PREPROCESSOR_DEFINITIONS = (
					"DEBUG=1",
					"$(inherited)",
				);
				GCC_WARN_64_TO_32_BIT_CONVERSION = YES;
				GCC_WARN_ABOUT_RETURN_TYPE = YES_ERROR;
				GCC_WARN_UNDECLARED_SELECTOR = YES;
				GCC_WARN_UNINITIALIZED_AUTOS = YES_AGGRESSIVE;
				GCC_WARN_UNUSED_FUNCTION = YES;
				GCC_WARN_UNUSED_VARIABLE = YES;
				IPHONEOS_DEPLOYMENT_TARGET = 17.2;
				LOCALIZATION_PREFERS_STRING_CATALOGS = YES;
				MTL_ENABLE_DEBUG_INFO = INCLUDE_SOURCE;
				MTL_FAST_MATH = YES;
				ONLY_ACTIVE_ARCH = YES;
				SDKROOT = iphoneos;
				SWIFT_ACTIVE_COMPILATION_CONDITIONS = "DEBUG $(inherited)";
				SWIFT_OPTIMIZATION_LEVEL = "-Onone";
			};
			name = Debug;
		};
		6446E88E2B2CC52800A72945 /* Release */ = {
			isa = XCBuildConfiguration;
			buildSettings = {
				ALWAYS_SEARCH_USER_PATHS = NO;
				ASSETCATALOG_COMPILER_GENERATE_SWIFT_ASSET_SYMBOL_EXTENSIONS = YES;
				CLANG_ANALYZER_NONNULL = YES;
				CLANG_ANALYZER_NUMBER_OBJECT_CONVERSION = YES_AGGRESSIVE;
				CLANG_CXX_LANGUAGE_STANDARD = "gnu++20";
				CLANG_ENABLE_MODULES = YES;
				CLANG_ENABLE_OBJC_ARC = YES;
				CLANG_ENABLE_OBJC_WEAK = YES;
				CLANG_WARN_BLOCK_CAPTURE_AUTORELEASING = YES;
				CLANG_WARN_BOOL_CONVERSION = YES;
				CLANG_WARN_COMMA = YES;
				CLANG_WARN_CONSTANT_CONVERSION = YES;
				CLANG_WARN_DEPRECATED_OBJC_IMPLEMENTATIONS = YES;
				CLANG_WARN_DIRECT_OBJC_ISA_USAGE = YES_ERROR;
				CLANG_WARN_DOCUMENTATION_COMMENTS = YES;
				CLANG_WARN_EMPTY_BODY = YES;
				CLANG_WARN_ENUM_CONVERSION = YES;
				CLANG_WARN_INFINITE_RECURSION = YES;
				CLANG_WARN_INT_CONVERSION = YES;
				CLANG_WARN_NON_LITERAL_NULL_CONVERSION = YES;
				CLANG_WARN_OBJC_IMPLICIT_RETAIN_SELF = YES;
				CLANG_WARN_OBJC_LITERAL_CONVERSION = YES;
				CLANG_WARN_OBJC_ROOT_CLASS = YES_ERROR;
				CLANG_WARN_QUOTED_INCLUDE_IN_FRAMEWORK_HEADER = YES;
				CLANG_WARN_RANGE_LOOP_ANALYSIS = YES;
				CLANG_WARN_STRICT_PROTOTYPES = YES;
				CLANG_WARN_SUSPICIOUS_MOVE = YES;
				CLANG_WARN_UNGUARDED_AVAILABILITY = YES_AGGRESSIVE;
				CLANG_WARN_UNREACHABLE_CODE = YES;
				CLANG_WARN__DUPLICATE_METHOD_MATCH = YES;
				COPY_PHASE_STRIP = NO;
				DEBUG_INFORMATION_FORMAT = "dwarf-with-dsym";
				ENABLE_NS_ASSERTIONS = NO;
				ENABLE_STRICT_OBJC_MSGSEND = YES;
				ENABLE_USER_SCRIPT_SANDBOXING = YES;
				GCC_C_LANGUAGE_STANDARD = gnu17;
				GCC_NO_COMMON_BLOCKS = YES;
				GCC_WARN_64_TO_32_BIT_CONVERSION = YES;
				GCC_WARN_ABOUT_RETURN_TYPE = YES_ERROR;
				GCC_WARN_UNDECLARED_SELECTOR = YES;
				GCC_WARN_UNINITIALIZED_AUTOS = YES_AGGRESSIVE;
				GCC_WARN_UNUSED_FUNCTION = YES;
				GCC_WARN_UNUSED_VARIABLE = YES;
				IPHONEOS_DEPLOYMENT_TARGET = 17.2;
				LOCALIZATION_PREFERS_STRING_CATALOGS = YES;
				MTL_ENABLE_DEBUG_INFO = NO;
				MTL_FAST_MATH = YES;
				SDKROOT = iphoneos;
				SWIFT_COMPILATION_MODE = wholemodule;
				VALIDATE_PRODUCT = YES;
			};
			name = Release;
		};
		6446E8902B2CC52800A72945 /* Debug */ = {
			isa = XCBuildConfiguration;
			buildSettings = {
				ASSETCATALOG_COMPILER_APPICON_NAME = AppIcon;
				ASSETCATALOG_COMPILER_GLOBAL_ACCENT_COLOR_NAME = AccentColor;
				CODE_SIGN_STYLE = Automatic;
				CURRENT_PROJECT_VERSION = 1;
				DEVELOPMENT_ASSET_PATHS = "\"MisMangas/Preview Content\"";
				DEVELOPMENT_TEAM = 667XDQT88L;
				ENABLE_PREVIEWS = YES;
				GENERATE_INFOPLIST_FILE = YES;
				INFOPLIST_KEY_UIApplicationSceneManifest_Generation = YES;
				INFOPLIST_KEY_UIApplicationSupportsIndirectInputEvents = YES;
				INFOPLIST_KEY_UILaunchScreen_Generation = YES;
				INFOPLIST_KEY_UISupportedInterfaceOrientations_iPad = "UIInterfaceOrientationPortrait UIInterfaceOrientationPortraitUpsideDown UIInterfaceOrientationLandscapeLeft UIInterfaceOrientationLandscapeRight";
				INFOPLIST_KEY_UISupportedInterfaceOrientations_iPhone = "UIInterfaceOrientationPortrait UIInterfaceOrientationLandscapeLeft UIInterfaceOrientationLandscapeRight";
				LD_RUNPATH_SEARCH_PATHS = (
					"$(inherited)",
					"@executable_path/Frameworks",
				);
				MARKETING_VERSION = 1.0;
				PRODUCT_BUNDLE_IDENTIFIER = es.sirvega83.MisMangas;
				PRODUCT_NAME = "$(TARGET_NAME)";
				SWIFT_EMIT_LOC_STRINGS = YES;
				SWIFT_VERSION = 5.0;
				TARGETED_DEVICE_FAMILY = "1,2";
			};
			name = Debug;
		};
		6446E8912B2CC52800A72945 /* Release */ = {
			isa = XCBuildConfiguration;
			buildSettings = {
				ASSETCATALOG_COMPILER_APPICON_NAME = AppIcon;
				ASSETCATALOG_COMPILER_GLOBAL_ACCENT_COLOR_NAME = AccentColor;
				CODE_SIGN_STYLE = Automatic;
				CURRENT_PROJECT_VERSION = 1;
				DEVELOPMENT_ASSET_PATHS = "\"MisMangas/Preview Content\"";
				DEVELOPMENT_TEAM = 667XDQT88L;
				ENABLE_PREVIEWS = YES;
				GENERATE_INFOPLIST_FILE = YES;
				INFOPLIST_KEY_UIApplicationSceneManifest_Generation = YES;
				INFOPLIST_KEY_UIApplicationSupportsIndirectInputEvents = YES;
				INFOPLIST_KEY_UILaunchScreen_Generation = YES;
				INFOPLIST_KEY_UISupportedInterfaceOrientations_iPad = "UIInterfaceOrientationPortrait UIInterfaceOrientationPortraitUpsideDown UIInterfaceOrientationLandscapeLeft UIInterfaceOrientationLandscapeRight";
				INFOPLIST_KEY_UISupportedInterfaceOrientations_iPhone = "UIInterfaceOrientationPortrait UIInterfaceOrientationLandscapeLeft UIInterfaceOrientationLandscapeRight";
				LD_RUNPATH_SEARCH_PATHS = (
					"$(inherited)",
					"@executable_path/Frameworks",
				);
				MARKETING_VERSION = 1.0;
				PRODUCT_BUNDLE_IDENTIFIER = es.sirvega83.MisMangas;
				PRODUCT_NAME = "$(TARGET_NAME)";
				SWIFT_EMIT_LOC_STRINGS = YES;
				SWIFT_VERSION = 5.0;
				TARGETED_DEVICE_FAMILY = "1,2";
			};
			name = Release;
		};
/* End XCBuildConfiguration section */

/* Begin XCConfigurationList section */
		6446E87C2B2CC52700A72945 /* Build configuration list for PBXProject "MisMangas" */ = {
			isa = XCConfigurationList;
			buildConfigurations = (
				6446E88D2B2CC52800A72945 /* Debug */,
				6446E88E2B2CC52800A72945 /* Release */,
			);
			defaultConfigurationIsVisible = 0;
			defaultConfigurationName = Release;
		};
		6446E88F2B2CC52800A72945 /* Build configuration list for PBXNativeTarget "MisMangas" */ = {
			isa = XCConfigurationList;
			buildConfigurations = (
				6446E8902B2CC52800A72945 /* Debug */,
				6446E8912B2CC52800A72945 /* Release */,
			);
			defaultConfigurationIsVisible = 0;
			defaultConfigurationName = Release;
		};
/* End XCConfigurationList section */
	};
	rootObject = 6446E8792B2CC52700A72945 /* Project object */;
}
